PODS:
  - Alamofire (4.9.1)
  - ApplicasterSDK (12.2.3):
    - Alamofire (= 4.9.1)
    - CocoaLumberjack/Swift (= 3.5.3)
    - FBSDKCoreKit (= 5.2.3)
    - FBSDKLoginKit (= 5.2.3)
    - FBSDKShareKit (= 5.2.3)
    - SSZipArchive (= 2.1.0)
    - TTTAttributedLabel (= 2.1.0)
    - TwitterKit (= 3.4.2)
    - ZappPlugins (~> 11.1.0)
  - CocoaLumberjack/Core (3.5.3)
  - CocoaLumberjack/Swift (3.5.3):
    - CocoaLumberjack/Core
  - FBSDKCoreKit (5.2.3):
    - FBSDKCoreKit/Basics (= 5.2.3)
    - FBSDKCoreKit/Core (= 5.2.3)
  - FBSDKCoreKit/Basics (5.2.3)
  - FBSDKCoreKit/Core (5.2.3):
    - FBSDKCoreKit/Basics
  - FBSDKLoginKit (5.2.3):
    - FBSDKCoreKit (~> 5.0)
  - FBSDKShareKit (5.2.3):
    - FBSDKCoreKit (~> 5.0)
  - SSZipArchive (2.1.0)
  - SwrveConversationSDK (6.4.2):
    - SwrveSDKCommon (= 6.4.2)
  - SwrveSDK (6.4.2):
    - SwrveConversationSDK (= 6.4.2)
    - SwrveSDKCommon (= 6.4.2)
  - SwrveSDKCommon (6.4.2)
  - TTTAttributedLabel (2.1.0)
  - TwitterCore (3.2.0)
  - TwitterKit (3.4.2):
    - TwitterCore (>= 3.2.0)
  - ZappAnalyticsPluginsSDK (11.0.0):
    - ZappPlugins
  - ZappAnalyticsPluginSwrvePlugin (0.0.1):
    - ZappAnalyticsPluginSwrvePlugin/Core (= 0.0.1)
  - ZappAnalyticsPluginSwrvePlugin/Core (0.0.1):
    - ApplicasterSDK
    - SwrveSDK
    - ZappAnalyticsPluginsSDK
    - ZappPlugins
  - ZappCore (0.9.5)
  - ZappPlugins (11.1.8):
    - ZappCore

DEPENDENCIES:
  - ApplicasterSDK
  - SwrveSDK
  - ZappAnalyticsPluginSwrvePlugin (from `ZappAnalyticsPluginSwrve.podspec`)
  - ZappPlugins

SPEC REPOS:
  "git@github.com:applicaster/CocoaPods.git":
    - ApplicasterSDK
    - TTTAttributedLabel
    - ZappAnalyticsPluginsSDK
    - ZappCore
    - ZappPlugins
  https://github.com/CocoaPods/Specs.git:
    - Alamofire
    - CocoaLumberjack
    - FBSDKCoreKit
    - FBSDKLoginKit
    - FBSDKShareKit
    - SSZipArchive
    - SwrveConversationSDK
    - SwrveSDK
    - SwrveSDKCommon
    - TwitterCore
    - TwitterKit

EXTERNAL SOURCES:
  ZappAnalyticsPluginSwrvePlugin:
    :path: ZappAnalyticsPluginSwrve.podspec

SPEC CHECKSUMS:
  Alamofire: 85e8a02c69d6020a0d734f6054870d7ecb75cf18
  ApplicasterSDK: 33cb4f14e6c95737daaa931dae9aaee7e2e89ed5
  CocoaLumberjack: 2f44e60eb91c176d471fdba43b9e3eae6a721947
  FBSDKCoreKit: 5154c35d9058fd7dfa0445ba19e194c4b172fc32
  FBSDKLoginKit: dc98b6bf12334f1a42f28d0457fffc9aa3d1eca5
  FBSDKShareKit: 6f9c622f9a5d051f43f2dab6f753d5198422b89c
  SSZipArchive: 1e8e53dcb11bca3ded4738958dc49fc467320a14
  SwrveConversationSDK: 39be84817930abeff9f62301d74df9d89a74c03a
  SwrveSDK: 54f984ab31db3a19c12d95448b668c3547609fb2
  SwrveSDKCommon: 189007eea83da0166dd15ff177e94b7332d8d66a
  TTTAttributedLabel: f8c7f1dbc7b8f7168e23e8b4764dda2e3b74aae8
  TwitterCore: 8cbc9ad34d91c63a0035ea05bfbfc0d7ca72a28c
  TwitterKit: 5e4f41d70b9abdb41df5467f52d7aa2c0fd26ebb
  ZappAnalyticsPluginsSDK: 0b33b53031e6c1a3c32b4ff25fb63d6e78d8380f
  ZappAnalyticsPluginSwrvePlugin: e94edc9ca114dc471a1f313e823b54543e208826
  ZappCore: af4fe7b48d915a2000f81c5e2371cb53202a155f
  ZappPlugins: 20bdc1011c0da748aa9c00e33f7f13bc8a36990a

PODFILE CHECKSUM: 4f8d3683276afb8e5cdcc459f26bf0cd9871a89d

COCOAPODS: 1.9.1
