// !$*UTF8*$!
{
	archiveVersion = 1;
	classes = {
	};
	objectVersion = 51;
	objects = {

/* Begin PBXBuildFile section */
		0AD71FA01AA1871DB1ED5C59 /* Pods_ZappAnalyticsPluginSwrve.framework in Frameworks */ = {isa = PBXBuildFile; fileRef = D80749FA10B0789168586D0D /* Pods_ZappAnalyticsPluginSwrve.framework */; };
		2D87484E2445A747002FEEE7 /* AppDelegate.swift in Sources */ = {isa = PBXBuildFile; fileRef = 2D87484D2445A747002FEEE7 /* AppDelegate.swift */; };
		2D8748512445A747002FEEE7 /* Main.storyboard in Resources */ = {isa = PBXBuildFile; fileRef = 2D87484F2445A747002FEEE7 /* Main.storyboard */; };
		2D87485B2445A747002FEEE7 /* ViewController.swift in Sources */ = {isa = PBXBuildFile; fileRef = 2D87485A2445A747002FEEE7 /* ViewController.swift */; };
		2D87485D2445A747002FEEE7 /* Assets.xcassets in Resources */ = {isa = PBXBuildFile; fileRef = 2D87485C2445A747002FEEE7 /* Assets.xcassets */; };
		2D8748602445A747002FEEE7 /* LaunchScreen.storyboard in Resources */ = {isa = PBXBuildFile; fileRef = 2D87485E2445A747002FEEE7 /* LaunchScreen.storyboard */; };
/* End PBXBuildFile section */

/* Begin PBXFileReference section */
		27AAB5FD9B3AC84DA0DC0C2D /* Pods-ZappAnalyticsPluginSwrve.release.xcconfig */ = {isa = PBXFileReference; includeInIndex = 1; lastKnownFileType = text.xcconfig; name = "Pods-ZappAnalyticsPluginSwrve.release.xcconfig"; path = "Target Support Files/Pods-ZappAnalyticsPluginSwrve/Pods-ZappAnalyticsPluginSwrve.release.xcconfig"; sourceTree = "<group>"; };
		2D87484A2445A747002FEEE7 /* ZappAnalyticsPluginSwrve.app */ = {isa = PBXFileReference; explicitFileType = wrapper.application; includeInIndex = 0; path = ZappAnalyticsPluginSwrve.app; sourceTree = BUILT_PRODUCTS_DIR; };
		2D87484D2445A747002FEEE7 /* AppDelegate.swift */ = {isa = PBXFileReference; lastKnownFileType = sourcecode.swift; path = AppDelegate.swift; sourceTree = "<group>"; };
		2D8748502445A747002FEEE7 /* Base */ = {isa = PBXFileReference; lastKnownFileType = file.storyboard; name = Base; path = Base.lproj/Main.storyboard; sourceTree = "<group>"; };
		2D8748562445A747002FEEE7 /* ZappAnalyticsPluginSwrvePlugin.swift */ = {isa = PBXFileReference; lastKnownFileType = sourcecode.swift; path = ZappAnalyticsPluginSwrvePlugin.swift; sourceTree = "<group>"; };
		2D87485A2445A747002FEEE7 /* ViewController.swift */ = {isa = PBXFileReference; lastKnownFileType = sourcecode.swift; path = ViewController.swift; sourceTree = "<group>"; };
		2D87485C2445A747002FEEE7 /* Assets.xcassets */ = {isa = PBXFileReference; lastKnownFileType = folder.assetcatalog; path = Assets.xcassets; sourceTree = "<group>"; };
		2D87485F2445A747002FEEE7 /* Base */ = {isa = PBXFileReference; lastKnownFileType = file.storyboard; name = Base; path = Base.lproj/LaunchScreen.storyboard; sourceTree = "<group>"; };
		2D8748612445A747002FEEE7 /* Info.plist */ = {isa = PBXFileReference; lastKnownFileType = text.plist.xml; path = Info.plist; sourceTree = "<group>"; };
		A8DF53874F50B32336340C9B /* Pods-ZappAnalyticsPluginSwrve.debug.xcconfig */ = {isa = PBXFileReference; includeInIndex = 1; lastKnownFileType = text.xcconfig; name = "Pods-ZappAnalyticsPluginSwrve.debug.xcconfig"; path = "Target Support Files/Pods-ZappAnalyticsPluginSwrve/Pods-ZappAnalyticsPluginSwrve.debug.xcconfig"; sourceTree = "<group>"; };
		D80749FA10B0789168586D0D /* Pods_ZappAnalyticsPluginSwrve.framework */ = {isa = PBXFileReference; explicitFileType = wrapper.framework; includeInIndex = 0; path = Pods_ZappAnalyticsPluginSwrve.framework; sourceTree = BUILT_PRODUCTS_DIR; };
/* End PBXFileReference section */

/* Begin PBXFrameworksBuildPhase section */
		2D8748472445A747002FEEE7 /* Frameworks */ = {
			isa = PBXFrameworksBuildPhase;
			buildActionMask = 2147483647;
			files = (
				0AD71FA01AA1871DB1ED5C59 /* Pods_ZappAnalyticsPluginSwrve.framework in Frameworks */,
			);
			runOnlyForDeploymentPostprocessing = 0;
		};
/* End PBXFrameworksBuildPhase section */

/* Begin PBXGroup section */
		23CAE97791C0A466DD36F106 /* Pods */ = {
			isa = PBXGroup;
			children = (
				A8DF53874F50B32336340C9B /* Pods-ZappAnalyticsPluginSwrve.debug.xcconfig */,
				27AAB5FD9B3AC84DA0DC0C2D /* Pods-ZappAnalyticsPluginSwrve.release.xcconfig */,
			);
			path = Pods;
			sourceTree = "<group>";
		};
		2D8748412445A747002FEEE7 = {
			isa = PBXGroup;
			children = (
				2D87484C2445A747002FEEE7 /* ZappAnalyticsPluginSwrve */,
				2D87484B2445A747002FEEE7 /* Products */,
				23CAE97791C0A466DD36F106 /* Pods */,
				6E8FF22A71662B5B9E41B089 /* Frameworks */,
			);
			sourceTree = "<group>";
		};
		2D87484B2445A747002FEEE7 /* Products */ = {
			isa = PBXGroup;
			children = (
				2D87484A2445A747002FEEE7 /* ZappAnalyticsPluginSwrve.app */,
			);
			name = Products;
			sourceTree = "<group>";
		};
		2D87484C2445A747002FEEE7 /* ZappAnalyticsPluginSwrve */ = {
			isa = PBXGroup;
			children = (
				2D87484D2445A747002FEEE7 /* AppDelegate.swift */,
				2D87484F2445A747002FEEE7 /* Main.storyboard */,
				2D87485A2445A747002FEEE7 /* ViewController.swift */,
				2D87485C2445A747002FEEE7 /* Assets.xcassets */,
				2D87485E2445A747002FEEE7 /* LaunchScreen.storyboard */,
				2D8748612445A747002FEEE7 /* Info.plist */,
				2D8748552445A747002FEEE7 /* PluginClasses */,
			);
			path = ZappAnalyticsPluginSwrve;
			sourceTree = "<group>";
		};
		2D8748552445A747002FEEE7 /* PluginClasses */ = {
			isa = PBXGroup;
			children = (
				2D8748562445A747002FEEE7 /* ZappAnalyticsPluginSwrvePlugin.swift */,
			);
			name = PluginClasses;
			path = ../PluginClasses;
			sourceTree = "<group>";
		};
		6E8FF22A71662B5B9E41B089 /* Frameworks */ = {
			isa = PBXGroup;
			children = (
				D80749FA10B0789168586D0D /* Pods_ZappAnalyticsPluginSwrve.framework */,
			);
			name = Frameworks;
			sourceTree = "<group>";
		};
/* End PBXGroup section */

/* Begin PBXNativeTarget section */
		2D8748492445A747002FEEE7 /* ZappAnalyticsPluginSwrve */ = {
			isa = PBXNativeTarget;
			buildConfigurationList = 2D8748642445A747002FEEE7 /* Build configuration list for PBXNativeTarget "ZappAnalyticsPluginSwrve" */;
			buildPhases = (
				0427B822628873704A9E8262 /* [CP] Check Pods Manifest.lock */,
				2D8748462445A747002FEEE7 /* Sources */,
				2D8748472445A747002FEEE7 /* Frameworks */,
				2D8748482445A747002FEEE7 /* Resources */,
				E82425E436521E92BADEB69F /* [CP] Embed Pods Frameworks */,
				18BC3D3FF81E6B43631CD4DB /* [CP] Copy Pods Resources */,
			);
			buildRules = (
			);
			dependencies = (
			);
			name = ZappAnalyticsPluginSwrve;
			productName = ZappAnalyticsPluginSwrve;
			productReference = 2D87484A2445A747002FEEE7 /* ZappAnalyticsPluginSwrve.app */;
			productType = "com.apple.product-type.application";
		};
/* End PBXNativeTarget section */

/* Begin PBXProject section */
		2D8748422445A747002FEEE7 /* Project object */ = {
			isa = PBXProject;
			attributes = {
				LastSwiftUpdateCheck = 1130;
				LastUpgradeCheck = 1130;
				ORGANIZATIONNAME = CME;
				TargetAttributes = {
					2D8748492445A747002FEEE7 = {
						CreatedOnToolsVersion = 11.3.1;
					};
				};
			};
			buildConfigurationList = 2D8748452445A747002FEEE7 /* Build configuration list for PBXProject "ZappAnalyticsPluginSwrve" */;
			compatibilityVersion = "Xcode 9.3";
			developmentRegion = en;
			hasScannedForEncodings = 0;
			knownRegions = (
				en,
				Base,
			);
			mainGroup = 2D8748412445A747002FEEE7;
			productRefGroup = 2D87484B2445A747002FEEE7 /* Products */;
			projectDirPath = "";
			projectRoot = "";
			targets = (
				2D8748492445A747002FEEE7 /* ZappAnalyticsPluginSwrve */,
			);
		};
/* End PBXProject section */

/* Begin PBXResourcesBuildPhase section */
		2D8748482445A747002FEEE7 /* Resources */ = {
			isa = PBXResourcesBuildPhase;
			buildActionMask = 2147483647;
			files = (
				2D8748512445A747002FEEE7 /* Main.storyboard in Resources */,
				2D8748602445A747002FEEE7 /* LaunchScreen.storyboard in Resources */,
				2D87485D2445A747002FEEE7 /* Assets.xcassets in Resources */,
			);
			runOnlyForDeploymentPostprocessing = 0;
		};
/* End PBXResourcesBuildPhase section */

/* Begin PBXShellScriptBuildPhase section */
		0427B822628873704A9E8262 /* [CP] Check Pods Manifest.lock */ = {
			isa = PBXShellScriptBuildPhase;
			buildActionMask = 2147483647;
			files = (
			);
			inputFileListPaths = (
			);
			inputPaths = (
				"${PODS_PODFILE_DIR_PATH}/Podfile.lock",
				"${PODS_ROOT}/Manifest.lock",
			);
			name = "[CP] Check Pods Manifest.lock";
			outputFileListPaths = (
			);
			outputPaths = (
				"$(DERIVED_FILE_DIR)/Pods-ZappAnalyticsPluginSwrve-checkManifestLockResult.txt",
			);
			runOnlyForDeploymentPostprocessing = 0;
			shellPath = /bin/sh;
			shellScript = "diff \"${PODS_PODFILE_DIR_PATH}/Podfile.lock\" \"${PODS_ROOT}/Manifest.lock\" > /dev/null\nif [ $? != 0 ] ; then\n    # print error to STDERR\n    echo \"error: The sandbox is not in sync with the Podfile.lock. Run 'pod install' or update your CocoaPods installation.\" >&2\n    exit 1\nfi\n# This output is used by Xcode 'outputs' to avoid re-running this script phase.\necho \"SUCCESS\" > \"${SCRIPT_OUTPUT_FILE_0}\"\n";
			showEnvVarsInLog = 0;
		};
		18BC3D3FF81E6B43631CD4DB /* [CP] Copy Pods Resources */ = {
			isa = PBXShellScriptBuildPhase;
			buildActionMask = 2147483647;
			files = (
			);
			inputFileListPaths = (
				"${PODS_ROOT}/Target Support Files/Pods-ZappAnalyticsPluginSwrve/Pods-ZappAnalyticsPluginSwrve-resources-${CONFIGURATION}-input-files.xcfilelist",
			);
			name = "[CP] Copy Pods Resources";
			outputFileListPaths = (
				"${PODS_ROOT}/Target Support Files/Pods-ZappAnalyticsPluginSwrve/Pods-ZappAnalyticsPluginSwrve-resources-${CONFIGURATION}-output-files.xcfilelist",
			);
			runOnlyForDeploymentPostprocessing = 0;
			shellPath = /bin/sh;
			shellScript = "\"${PODS_ROOT}/Target Support Files/Pods-ZappAnalyticsPluginSwrve/Pods-ZappAnalyticsPluginSwrve-resources.sh\"\n";
			showEnvVarsInLog = 0;
		};
		E82425E436521E92BADEB69F /* [CP] Embed Pods Frameworks */ = {
			isa = PBXShellScriptBuildPhase;
			buildActionMask = 2147483647;
			files = (
			);
			inputFileListPaths = (
				"${PODS_ROOT}/Target Support Files/Pods-ZappAnalyticsPluginSwrve/Pods-ZappAnalyticsPluginSwrve-frameworks-${CONFIGURATION}-input-files.xcfilelist",
			);
			name = "[CP] Embed Pods Frameworks";
			outputFileListPaths = (
				"${PODS_ROOT}/Target Support Files/Pods-ZappAnalyticsPluginSwrve/Pods-ZappAnalyticsPluginSwrve-frameworks-${CONFIGURATION}-output-files.xcfilelist",
			);
			runOnlyForDeploymentPostprocessing = 0;
			shellPath = /bin/sh;
			shellScript = "\"${PODS_ROOT}/Target Support Files/Pods-ZappAnalyticsPluginSwrve/Pods-ZappAnalyticsPluginSwrve-frameworks.sh\"\n";
			showEnvVarsInLog = 0;
		};
/* End PBXShellScriptBuildPhase section */

/* Begin PBXSourcesBuildPhase section */
		2D8748462445A747002FEEE7 /* Sources */ = {
			isa = PBXSourcesBuildPhase;
			buildActionMask = 2147483647;
			files = (
				2D87485B2445A747002FEEE7 /* ViewController.swift in Sources */,
				2D87484E2445A747002FEEE7 /* AppDelegate.swift in Sources */,
			);
			runOnlyForDeploymentPostprocessing = 0;
		};
/* End PBXSourcesBuildPhase section */

/* Begin PBXVariantGroup section */
		2D87484F2445A747002FEEE7 /* Main.storyboard */ = {
			isa = PBXVariantGroup;
			children = (
				2D8748502445A747002FEEE7 /* Base */,
			);
			name = Main.storyboard;
			sourceTree = "<group>";
		};
		2D87485E2445A747002FEEE7 /* LaunchScreen.storyboard */ = {
			isa = PBXVariantGroup;
			children = (
				2D87485F2445A747002FEEE7 /* Base */,
			);
			name = LaunchScreen.storyboard;
			sourceTree = "<group>";
		};
/* End PBXVariantGroup section */

/* Begin XCBuildConfiguration section */
		2D8748622445A747002FEEE7 /* Debug */ = {
			isa = XCBuildConfiguration;
			buildSettings = {
				ALWAYS_SEARCH_USER_PATHS = NO;
				CLANG_ANALYZER_NONNULL = YES;
				CLANG_ANALYZER_NUMBER_OBJECT_CONVERSION = YES_AGGRESSIVE;
				CLANG_CXX_LANGUAGE_STANDARD = "gnu++14";
				CLANG_CXX_LIBRARY = "libc++";
				CLANG_ENABLE_MODULES = YES;
				CLANG_ENABLE_OBJC_ARC = YES;
				CLANG_ENABLE_OBJC_WEAK = YES;
				CLANG_WARN_BLOCK_CAPTURE_AUTORELEASING = YES;
				CLANG_WARN_BOOL_CONVERSION = YES;
				CLANG_WARN_COMMA = YES;
				CLANG_WARN_CONSTANT_CONVERSION = YES;
				CLANG_WARN_DEPRECATED_OBJC_IMPLEMENTATIONS = YES;
				CLANG_WARN_DIRECT_OBJC_ISA_USAGE = YES_ERROR;
				CLANG_WARN_DOCUMENTATION_COMMENTS = YES;
				CLANG_WARN_EMPTY_BODY = YES;
				CLANG_WARN_ENUM_CONVERSION = YES;
				CLANG_WARN_INFINITE_RECURSION = YES;
				CLANG_WARN_INT_CONVERSION = YES;
				CLANG_WARN_NON_LITERAL_NULL_CONVERSION = YES;
				CLANG_WARN_OBJC_IMPLICIT_RETAIN_SELF = YES;
				CLANG_WARN_OBJC_LITERAL_CONVERSION = YES;
				CLANG_WARN_OBJC_ROOT_CLASS = YES_ERROR;
				CLANG_WARN_RANGE_LOOP_ANALYSIS = YES;
				CLANG_WARN_STRICT_PROTOTYPES = YES;
				CLANG_WARN_SUSPICIOUS_MOVE = YES;
				CLANG_WARN_UNGUARDED_AVAILABILITY = YES_AGGRESSIVE;
				CLANG_WARN_UNREACHABLE_CODE = YES;
				CLANG_WARN__DUPLICATE_METHOD_MATCH = YES;
				COPY_PHASE_STRIP = NO;
				DEBUG_INFORMATION_FORMAT = dwarf;
				ENABLE_STRICT_OBJC_MSGSEND = YES;
				ENABLE_TESTABILITY = YES;
				GCC_C_LANGUAGE_STANDARD = gnu11;
				GCC_DYNAMIC_NO_PIC = NO;
				GCC_NO_COMMON_BLOCKS = YES;
				GCC_OPTIMIZATION_LEVEL = 0;
				GCC_PREPROCESSOR_DEFINITIONS = (
					"DEBUG=1",
					"$(inherited)",
				);
				GCC_WARN_64_TO_32_BIT_CONVERSION = YES;
				GCC_WARN_ABOUT_RETURN_TYPE = YES_ERROR;
				GCC_WARN_UNDECLARED_SELECTOR = YES;
				GCC_WARN_UNINITIALIZED_AUTOS = YES_AGGRESSIVE;
				GCC_WARN_UNUSED_FUNCTION = YES;
				GCC_WARN_UNUSED_VARIABLE = YES;
				IPHONEOS_DEPLOYMENT_TARGET = 10.0;
				MTL_ENABLE_DEBUG_INFO = INCLUDE_SOURCE;
				MTL_FAST_MATH = YES;
				ONLY_ACTIVE_ARCH = YES;
				SDKROOT = iphoneos;
				SWIFT_ACTIVE_COMPILATION_CONDITIONS = DEBUG;
				SWIFT_OPTIMIZATION_LEVEL = "-Onone";
				SWIFT_VERSION = 5.0;
			};
			name = Debug;
		};
		2D8748632445A747002FEEE7 /* Release */ = {
			isa = XCBuildConfiguration;
			buildSettings = {
				ALWAYS_SEARCH_USER_PATHS = NO;
				CLANG_ANALYZER_NONNULL = YES;
				CLANG_ANALYZER_NUMBER_OBJECT_CONVERSION = YES_AGGRESSIVE;
				CLANG_CXX_LANGUAGE_STANDARD = "gnu++14";
				CLANG_CXX_LIBRARY = "libc++";
				CLANG_ENABLE_MODULES = YES;
				CLANG_ENABLE_OBJC_ARC = YES;
				CLANG_ENABLE_OBJC_WEAK = YES;
				CLANG_WARN_BLOCK_CAPTURE_AUTORELEASING = YES;
				CLANG_WARN_BOOL_CONVERSION = YES;
				CLANG_WARN_COMMA = YES;
				CLANG_WARN_CONSTANT_CONVERSION = YES;
				CLANG_WARN_DEPRECATED_OBJC_IMPLEMENTATIONS = YES;
				CLANG_WARN_DIRECT_OBJC_ISA_USAGE = YES_ERROR;
				CLANG_WARN_DOCUMENTATION_COMMENTS = YES;
				CLANG_WARN_EMPTY_BODY = YES;
				CLANG_WARN_ENUM_CONVERSION = YES;
				CLANG_WARN_INFINITE_RECURSION = YES;
				CLANG_WARN_INT_CONVERSION = YES;
				CLANG_WARN_NON_LITERAL_NULL_CONVERSION = YES;
				CLANG_WARN_OBJC_IMPLICIT_RETAIN_SELF = YES;
				CLANG_WARN_OBJC_LITERAL_CONVERSION = YES;
				CLANG_WARN_OBJC_ROOT_CLASS = YES_ERROR;
				CLANG_WARN_RANGE_LOOP_ANALYSIS = YES;
				CLANG_WARN_STRICT_PROTOTYPES = YES;
				CLANG_WARN_SUSPICIOUS_MOVE = YES;
				CLANG_WARN_UNGUARDED_AVAILABILITY = YES_AGGRESSIVE;
				CLANG_WARN_UNREACHABLE_CODE = YES;
				CLANG_WARN__DUPLICATE_METHOD_MATCH = YES;
				COPY_PHASE_STRIP = NO;
				DEBUG_INFORMATION_FORMAT = "dwarf-with-dsym";
				ENABLE_NS_ASSERTIONS = NO;
				ENABLE_STRICT_OBJC_MSGSEND = YES;
				GCC_C_LANGUAGE_STANDARD = gnu11;
				GCC_NO_COMMON_BLOCKS = YES;
				GCC_WARN_64_TO_32_BIT_CONVERSION = YES;
				GCC_WARN_ABOUT_RETURN_TYPE = YES_ERROR;
				GCC_WARN_UNDECLARED_SELECTOR = YES;
				GCC_WARN_UNINITIALIZED_AUTOS = YES_AGGRESSIVE;
				GCC_WARN_UNUSED_FUNCTION = YES;
				GCC_WARN_UNUSED_VARIABLE = YES;
				IPHONEOS_DEPLOYMENT_TARGET = 10.0;
				MTL_ENABLE_DEBUG_INFO = NO;
				MTL_FAST_MATH = YES;
				SDKROOT = iphoneos;
				SWIFT_COMPILATION_MODE = wholemodule;
				SWIFT_OPTIMIZATION_LEVEL = "-O";
				SWIFT_VERSION = 5.0;
				VALIDATE_PRODUCT = YES;
			};
			name = Release;
		};
		2D8748652445A747002FEEE7 /* Debug */ = {
			isa = XCBuildConfiguration;
			baseConfigurationReference = A8DF53874F50B32336340C9B /* Pods-ZappAnalyticsPluginSwrve.debug.xcconfig */;
			buildSettings = {
				ASSETCATALOG_COMPILER_APPICON_NAME = AppIcon;
				CODE_SIGN_STYLE = Automatic;
				INFOPLIST_FILE = ZappAnalyticsPluginSwrve/Info.plist;
				LD_RUNPATH_SEARCH_PATHS = (
					"$(inherited)",
					"@executable_path/Frameworks",
				);
				PRODUCT_BUNDLE_IDENTIFIER = com.gotocme.ZappAnalyticsPluginSwrve;
				PRODUCT_NAME = "$(TARGET_NAME)";
				TARGETED_DEVICE_FAMILY = "1,2";
			};
			name = Debug;
		};
		2D8748662445A747002FEEE7 /* Release */ = {
			isa = XCBuildConfiguration;
			baseConfigurationReference = 27AAB5FD9B3AC84DA0DC0C2D /* Pods-ZappAnalyticsPluginSwrve.release.xcconfig */;
			buildSettings = {
				ASSETCATALOG_COMPILER_APPICON_NAME = AppIcon;
				CODE_SIGN_STYLE = Automatic;
				INFOPLIST_FILE = ZappAnalyticsPluginSwrve/Info.plist;
				LD_RUNPATH_SEARCH_PATHS = (
					"$(inherited)",
					"@executable_path/Frameworks",
				);
				PRODUCT_BUNDLE_IDENTIFIER = com.gotocme.ZappAnalyticsPluginSwrve;
				PRODUCT_NAME = "$(TARGET_NAME)";
				TARGETED_DEVICE_FAMILY = "1,2";
			};
			name = Release;
		};
/* End XCBuildConfiguration section */

/* Begin XCConfigurationList section */
		2D8748452445A747002FEEE7 /* Build configuration list for PBXProject "ZappAnalyticsPluginSwrve" */ = {
			isa = XCConfigurationList;
			buildConfigurations = (
				2D8748622445A747002FEEE7 /* Debug */,
				2D8748632445A747002FEEE7 /* Release */,
			);
			defaultConfigurationIsVisible = 0;
			defaultConfigurationName = Release;
		};
		2D8748642445A747002FEEE7 /* Build configuration list for PBXNativeTarget "ZappAnalyticsPluginSwrve" */ = {
			isa = XCConfigurationList;
			buildConfigurations = (
				2D8748652445A747002FEEE7 /* Debug */,
				2D8748662445A747002FEEE7 /* Release */,
			);
			defaultConfigurationIsVisible = 0;
			defaultConfigurationName = Release;
		};
/* End XCConfigurationList section */
	};
	rootObject = 2D8748422445A747002FEEE7 /* Project object */;
}
